// !$*UTF8*$!
{
	archiveVersion = 1;
	classes = {
	};
	objectVersion = 51;
	objects = {

/* Begin PBXBuildFile section */
		740ED105252C735C0075BFD5 /* StorageManager.swift in Sources */ = {isa = PBXBuildFile; fileRef = 740ED104252C735C0075BFD5 /* StorageManager.swift */; };
		74C73392252604B9009B0E0E /* PlaceModel.swift in Sources */ = {isa = PBXBuildFile; fileRef = 74C73391252604B9009B0E0E /* PlaceModel.swift */; };
		74C73395252613FB009B0E0E /* AddNewPlace.swift in Sources */ = {isa = PBXBuildFile; fileRef = 74C73394252613FB009B0E0E /* AddNewPlace.swift */; };
		74EBF4D32525FDA300506874 /* TableViewCell.swift in Sources */ = {isa = PBXBuildFile; fileRef = 74EBF4D22525FDA300506874 /* TableViewCell.swift */; };
		74F21B3E2525E7F400CB8B50 /* AppDelegate.swift in Sources */ = {isa = PBXBuildFile; fileRef = 74F21B3D2525E7F400CB8B50 /* AppDelegate.swift */; };
		74F21B402525E7F400CB8B50 /* SceneDelegate.swift in Sources */ = {isa = PBXBuildFile; fileRef = 74F21B3F2525E7F400CB8B50 /* SceneDelegate.swift */; };
		74F21B452525E7F400CB8B50 /* Main.storyboard in Resources */ = {isa = PBXBuildFile; fileRef = 74F21B432525E7F400CB8B50 /* Main.storyboard */; };
		74F21B472525E7F600CB8B50 /* Assets.xcassets in Resources */ = {isa = PBXBuildFile; fileRef = 74F21B462525E7F600CB8B50 /* Assets.xcassets */; };
		74F21B4A2525E7F600CB8B50 /* LaunchScreen.storyboard in Resources */ = {isa = PBXBuildFile; fileRef = 74F21B482525E7F600CB8B50 /* LaunchScreen.storyboard */; };
		74F21B542525E83800CB8B50 /* TableViewController.swift in Sources */ = {isa = PBXBuildFile; fileRef = 74F21B532525E83800CB8B50 /* TableViewController.swift */; };
		F9F2F4476251F58544E156FE /* Pods_TableView.framework in Frameworks */ = {isa = PBXBuildFile; fileRef = A45D9921706AF44410434DA6 /* Pods_TableView.framework */; };
/* End PBXBuildFile section */

/* Begin PBXFileReference section */
		3BE797A6CA83FB0121E34AB2 /* Pods-TableView.release.xcconfig */ = {isa = PBXFileReference; includeInIndex = 1; lastKnownFileType = text.xcconfig; name = "Pods-TableView.release.xcconfig"; path = "Target Support Files/Pods-TableView/Pods-TableView.release.xcconfig"; sourceTree = "<group>"; };
		740ED104252C735C0075BFD5 /* StorageManager.swift */ = {isa = PBXFileReference; fileEncoding = 4; lastKnownFileType = sourcecode.swift; path = StorageManager.swift; sourceTree = "<group>"; };
		74C73391252604B9009B0E0E /* PlaceModel.swift */ = {isa = PBXFileReference; lastKnownFileType = sourcecode.swift; path = PlaceModel.swift; sourceTree = "<group>"; };
		74C73394252613FB009B0E0E /* AddNewPlace.swift */ = {isa = PBXFileReference; lastKnownFileType = sourcecode.swift; path = AddNewPlace.swift; sourceTree = "<group>"; };
		74EBF4D22525FDA300506874 /* TableViewCell.swift */ = {isa = PBXFileReference; lastKnownFileType = sourcecode.swift; path = TableViewCell.swift; sourceTree = "<group>"; };
		74F21B3A2525E7F400CB8B50 /* TableView.app */ = {isa = PBXFileReference; explicitFileType = wrapper.application; includeInIndex = 0; path = TableView.app; sourceTree = BUILT_PRODUCTS_DIR; };
		74F21B3D2525E7F400CB8B50 /* AppDelegate.swift */ = {isa = PBXFileReference; lastKnownFileType = sourcecode.swift; path = AppDelegate.swift; sourceTree = "<group>"; };
		74F21B3F2525E7F400CB8B50 /* SceneDelegate.swift */ = {isa = PBXFileReference; lastKnownFileType = sourcecode.swift; path = SceneDelegate.swift; sourceTree = "<group>"; };
		74F21B442525E7F400CB8B50 /* Base */ = {isa = PBXFileReference; lastKnownFileType = file.storyboard; name = Base; path = Base.lproj/Main.storyboard; sourceTree = "<group>"; };
		74F21B462525E7F600CB8B50 /* Assets.xcassets */ = {isa = PBXFileReference; lastKnownFileType = folder.assetcatalog; path = Assets.xcassets; sourceTree = "<group>"; };
		74F21B492525E7F600CB8B50 /* Base */ = {isa = PBXFileReference; lastKnownFileType = file.storyboard; name = Base; path = Base.lproj/LaunchScreen.storyboard; sourceTree = "<group>"; };
		74F21B4B2525E7F600CB8B50 /* Info.plist */ = {isa = PBXFileReference; lastKnownFileType = text.plist.xml; path = Info.plist; sourceTree = "<group>"; };
		74F21B532525E83800CB8B50 /* TableViewController.swift */ = {isa = PBXFileReference; lastKnownFileType = sourcecode.swift; path = TableViewController.swift; sourceTree = "<group>"; };
		A45D9921706AF44410434DA6 /* Pods_TableView.framework */ = {isa = PBXFileReference; explicitFileType = wrapper.framework; includeInIndex = 0; path = Pods_TableView.framework; sourceTree = BUILT_PRODUCTS_DIR; };
		B8CD43BE9D6B65F3278CBDC2 /* Pods-TableView.debug.xcconfig */ = {isa = PBXFileReference; includeInIndex = 1; lastKnownFileType = text.xcconfig; name = "Pods-TableView.debug.xcconfig"; path = "Target Support Files/Pods-TableView/Pods-TableView.debug.xcconfig"; sourceTree = "<group>"; };
/* End PBXFileReference section */

/* Begin PBXFrameworksBuildPhase section */
		74F21B372525E7F400CB8B50 /* Frameworks */ = {
			isa = PBXFrameworksBuildPhase;
			buildActionMask = 2147483647;
			files = (
				F9F2F4476251F58544E156FE /* Pods_TableView.framework in Frameworks */,
			);
			runOnlyForDeploymentPostprocessing = 0;
		};
/* End PBXFrameworksBuildPhase section */

/* Begin PBXGroup section */
		74C733972526140F009B0E0E /* Model */ = {
			isa = PBXGroup;
			children = (
				74C73391252604B9009B0E0E /* PlaceModel.swift */,
			);
			path = Model;
			sourceTree = "<group>";
		};
		74C7339925261432009B0E0E /* View */ = {
			isa = PBXGroup;
			children = (
				74F21B432525E7F400CB8B50 /* Main.storyboard */,
				74F21B482525E7F600CB8B50 /* LaunchScreen.storyboard */,
			);
			path = View;
			sourceTree = "<group>";
		};
		74C7339A2526143A009B0E0E /* Controller */ = {
			isa = PBXGroup;
			children = (
				74F21B532525E83800CB8B50 /* TableViewController.swift */,
				74EBF4D22525FDA300506874 /* TableViewCell.swift */,
				74C73394252613FB009B0E0E /* AddNewPlace.swift */,
			);
			path = Controller;
			sourceTree = "<group>";
		};
		74F21B312525E7F400CB8B50 = {
			isa = PBXGroup;
			children = (
				74F21B3C2525E7F400CB8B50 /* TableView */,
				74F21B3B2525E7F400CB8B50 /* Products */,
				A8287E4EA471AD6DB3C93E66 /* Pods */,
				FE2EF1AF201F8CFDDA0A1A5E /* Frameworks */,
			);
			sourceTree = "<group>";
		};
		74F21B3B2525E7F400CB8B50 /* Products */ = {
			isa = PBXGroup;
			children = (
				74F21B3A2525E7F400CB8B50 /* TableView.app */,
			);
			name = Products;
			sourceTree = "<group>";
		};
		74F21B3C2525E7F400CB8B50 /* TableView */ = {
			isa = PBXGroup;
			children = (
				74C733972526140F009B0E0E /* Model */,
				74C7339925261432009B0E0E /* View */,
				74C7339A2526143A009B0E0E /* Controller */,
				740ED104252C735C0075BFD5 /* StorageManager.swift */,
				74F21B3D2525E7F400CB8B50 /* AppDelegate.swift */,
				74F21B3F2525E7F400CB8B50 /* SceneDelegate.swift */,
				74F21B462525E7F600CB8B50 /* Assets.xcassets */,
				74F21B4B2525E7F600CB8B50 /* Info.plist */,
			);
			path = TableView;
			sourceTree = "<group>";
		};
		A8287E4EA471AD6DB3C93E66 /* Pods */ = {
			isa = PBXGroup;
			children = (
				B8CD43BE9D6B65F3278CBDC2 /* Pods-TableView.debug.xcconfig */,
				3BE797A6CA83FB0121E34AB2 /* Pods-TableView.release.xcconfig */,
			);
			path = Pods;
			sourceTree = "<group>";
		};
		FE2EF1AF201F8CFDDA0A1A5E /* Frameworks */ = {
			isa = PBXGroup;
			children = (
				A45D9921706AF44410434DA6 /* Pods_TableView.framework */,
			);
			name = Frameworks;
			sourceTree = "<group>";
		};
/* End PBXGroup section */

/* Begin PBXNativeTarget section */
		74F21B392525E7F400CB8B50 /* TableView */ = {
			isa = PBXNativeTarget;
			buildConfigurationList = 74F21B4E2525E7F600CB8B50 /* Build configuration list for PBXNativeTarget "TableView" */;
			buildPhases = (
				2459BCACF681DFC70B5C7657 /* [CP] Check Pods Manifest.lock */,
				74F21B362525E7F400CB8B50 /* Sources */,
				74F21B372525E7F400CB8B50 /* Frameworks */,
				74F21B382525E7F400CB8B50 /* Resources */,
				611370D9F4C3E4F989648610 /* [CP] Embed Pods Frameworks */,
			);
			buildRules = (
			);
			dependencies = (
			);
			name = TableView;
			productName = TableView;
			productReference = 74F21B3A2525E7F400CB8B50 /* TableView.app */;
			productType = "com.apple.product-type.application";
		};
/* End PBXNativeTarget section */

/* Begin PBXProject section */
		74F21B322525E7F400CB8B50 /* Project object */ = {
			isa = PBXProject;
			attributes = {
				LastSwiftUpdateCheck = 1200;
				LastUpgradeCheck = 1200;
				TargetAttributes = {
					74F21B392525E7F400CB8B50 = {
						CreatedOnToolsVersion = 12.0;
					};
				};
			};
			buildConfigurationList = 74F21B352525E7F400CB8B50 /* Build configuration list for PBXProject "TableView" */;
			compatibilityVersion = "Xcode 9.3";
			developmentRegion = en;
			hasScannedForEncodings = 0;
			knownRegions = (
				en,
				Base,
			);
			mainGroup = 74F21B312525E7F400CB8B50;
			productRefGroup = 74F21B3B2525E7F400CB8B50 /* Products */;
			projectDirPath = "";
			projectRoot = "";
			targets = (
				74F21B392525E7F400CB8B50 /* TableView */,
			);
		};
/* End PBXProject section */

/* Begin PBXResourcesBuildPhase section */
		74F21B382525E7F400CB8B50 /* Resources */ = {
			isa = PBXResourcesBuildPhase;
			buildActionMask = 2147483647;
			files = (
				74F21B4A2525E7F600CB8B50 /* LaunchScreen.storyboard in Resources */,
				74F21B472525E7F600CB8B50 /* Assets.xcassets in Resources */,
				74F21B452525E7F400CB8B50 /* Main.storyboard in Resources */,
			);
			runOnlyForDeploymentPostprocessing = 0;
		};
/* End PBXResourcesBuildPhase section */

/* Begin PBXShellScriptBuildPhase section */
		2459BCACF681DFC70B5C7657 /* [CP] Check Pods Manifest.lock */ = {
			isa = PBXShellScriptBuildPhase;
			buildActionMask = 2147483647;
			files = (
			);
			inputFileListPaths = (
			);
			inputPaths = (
				"${PODS_PODFILE_DIR_PATH}/Podfile.lock",
				"${PODS_ROOT}/Manifest.lock",
			);
			name = "[CP] Check Pods Manifest.lock";
			outputFileListPaths = (
			);
			outputPaths = (
				"$(DERIVED_FILE_DIR)/Pods-TableView-checkManifestLockResult.txt",
			);
			runOnlyForDeploymentPostprocessing = 0;
			shellPath = /bin/sh;
			shellScript = "diff \"${PODS_PODFILE_DIR_PATH}/Podfile.lock\" \"${PODS_ROOT}/Manifest.lock\" > /dev/null\nif [ $? != 0 ] ; then\n    # print error to STDERR\n    echo \"error: The sandbox is not in sync with the Podfile.lock. Run 'pod install' or update your CocoaPods installation.\" >&2\n    exit 1\nfi\n# This output is used by Xcode 'outputs' to avoid re-running this script phase.\necho \"SUCCESS\" > \"${SCRIPT_OUTPUT_FILE_0}\"\n";
			showEnvVarsInLog = 0;
		};
		611370D9F4C3E4F989648610 /* [CP] Embed Pods Frameworks */ = {
			isa = PBXShellScriptBuildPhase;
			buildActionMask = 2147483647;
			files = (
			);
			inputFileListPaths = (
				"${PODS_ROOT}/Target Support Files/Pods-TableView/Pods-TableView-frameworks-${CONFIGURATION}-input-files.xcfilelist",
			);
			name = "[CP] Embed Pods Frameworks";
			outputFileListPaths = (
				"${PODS_ROOT}/Target Support Files/Pods-TableView/Pods-TableView-frameworks-${CONFIGURATION}-output-files.xcfilelist",
			);
			runOnlyForDeploymentPostprocessing = 0;
			shellPath = /bin/sh;
			shellScript = "\"${PODS_ROOT}/Target Support Files/Pods-TableView/Pods-TableView-frameworks.sh\"\n";
			showEnvVarsInLog = 0;
		};
/* End PBXShellScriptBuildPhase section */

/* Begin PBXSourcesBuildPhase section */
		74F21B362525E7F400CB8B50 /* Sources */ = {
			isa = PBXSourcesBuildPhase;
			buildActionMask = 2147483647;
			files = (
				74C73395252613FB009B0E0E /* AddNewPlace.swift in Sources */,
				74F21B3E2525E7F400CB8B50 /* AppDelegate.swift in Sources */,
				74EBF4D32525FDA300506874 /* TableViewCell.swift in Sources */,
				74C73392252604B9009B0E0E /* PlaceModel.swift in Sources */,
				74F21B542525E83800CB8B50 /* TableViewController.swift in Sources */,
				74F21B402525E7F400CB8B50 /* SceneDelegate.swift in Sources */,
				740ED105252C735C0075BFD5 /* StorageManager.swift in Sources */,
			);
			runOnlyForDeploymentPostprocessing = 0;
		};
/* End PBXSourcesBuildPhase section */

/* Begin PBXVariantGroup section */
		74F21B432525E7F400CB8B50 /* Main.storyboard */ = {
			isa = PBXVariantGroup;
			children = (
				74F21B442525E7F400CB8B50 /* Base */,
			);
			name = Main.storyboard;
			sourceTree = "<group>";
		};
		74F21B482525E7F600CB8B50 /* LaunchScreen.storyboard */ = {
			isa = PBXVariantGroup;
			children = (
				74F21B492525E7F600CB8B50 /* Base */,
			);
			name = LaunchScreen.storyboard;
			sourceTree = "<group>";
		};
/* End PBXVariantGroup section */

/* Begin XCBuildConfiguration section */
		74F21B4C2525E7F600CB8B50 /* Debug */ = {
			isa = XCBuildConfiguration;
			buildSettings = {
				ALWAYS_SEARCH_USER_PATHS = NO;
				CLANG_ANALYZER_NONNULL = YES;
				CLANG_ANALYZER_NUMBER_OBJECT_CONVERSION = YES_AGGRESSIVE;
				CLANG_CXX_LANGUAGE_STANDARD = "gnu++14";
				CLANG_CXX_LIBRARY = "libc++";
				CLANG_ENABLE_MODULES = YES;
				CLANG_ENABLE_OBJC_ARC = YES;
				CLANG_ENABLE_OBJC_WEAK = YES;
				CLANG_WARN_BLOCK_CAPTURE_AUTORELEASING = YES;
				CLANG_WARN_BOOL_CONVERSION = YES;
				CLANG_WARN_COMMA = YES;
				CLANG_WARN_CONSTANT_CONVERSION = YES;
				CLANG_WARN_DEPRECATED_OBJC_IMPLEMENTATIONS = YES;
				CLANG_WARN_DIRECT_OBJC_ISA_USAGE = YES_ERROR;
				CLANG_WARN_DOCUMENTATION_COMMENTS = YES;
				CLANG_WARN_EMPTY_BODY = YES;
				CLANG_WARN_ENUM_CONVERSION = YES;
				CLANG_WARN_INFINITE_RECURSION = YES;
				CLANG_WARN_INT_CONVERSION = YES;
				CLANG_WARN_NON_LITERAL_NULL_CONVERSION = YES;
				CLANG_WARN_OBJC_IMPLICIT_RETAIN_SELF = YES;
				CLANG_WARN_OBJC_LITERAL_CONVERSION = YES;
				CLANG_WARN_OBJC_ROOT_CLASS = YES_ERROR;
				CLANG_WARN_QUOTED_INCLUDE_IN_FRAMEWORK_HEADER = YES;
				CLANG_WARN_RANGE_LOOP_ANALYSIS = YES;
				CLANG_WARN_STRICT_PROTOTYPES = YES;
				CLANG_WARN_SUSPICIOUS_MOVE = YES;
				CLANG_WARN_UNGUARDED_AVAILABILITY = YES_AGGRESSIVE;
				CLANG_WARN_UNREACHABLE_CODE = YES;
				CLANG_WARN__DUPLICATE_METHOD_MATCH = YES;
				COPY_PHASE_STRIP = NO;
				DEBUG_INFORMATION_FORMAT = dwarf;
				ENABLE_STRICT_OBJC_MSGSEND = YES;
				ENABLE_TESTABILITY = YES;
				GCC_C_LANGUAGE_STANDARD = gnu11;
				GCC_DYNAMIC_NO_PIC = NO;
				GCC_NO_COMMON_BLOCKS = YES;
				GCC_OPTIMIZATION_LEVEL = 0;
				GCC_PREPROCESSOR_DEFINITIONS = (
					"DEBUG=1",
					"$(inherited)",
				);
				GCC_WARN_64_TO_32_BIT_CONVERSION = YES;
				GCC_WARN_ABOUT_RETURN_TYPE = YES_ERROR;
				GCC_WARN_UNDECLARED_SELECTOR = YES;
				GCC_WARN_UNINITIALIZED_AUTOS = YES_AGGRESSIVE;
				GCC_WARN_UNUSED_FUNCTION = YES;
				GCC_WARN_UNUSED_VARIABLE = YES;
				IPHONEOS_DEPLOYMENT_TARGET = 14.0;
				MTL_ENABLE_DEBUG_INFO = INCLUDE_SOURCE;
				MTL_FAST_MATH = YES;
				ONLY_ACTIVE_ARCH = YES;
				SDKROOT = iphoneos;
				SWIFT_ACTIVE_COMPILATION_CONDITIONS = DEBUG;
				SWIFT_OPTIMIZATION_LEVEL = "-Onone";
			};
			name = Debug;
		};
		74F21B4D2525E7F600CB8B50 /* Release */ = {
			isa = XCBuildConfiguration;
			buildSettings = {
				ALWAYS_SEARCH_USER_PATHS = NO;
				CLANG_ANALYZER_NONNULL = YES;
				CLANG_ANALYZER_NUMBER_OBJECT_CONVERSION = YES_AGGRESSIVE;
				CLANG_CXX_LANGUAGE_STANDARD = "gnu++14";
				CLANG_CXX_LIBRARY = "libc++";
				CLANG_ENABLE_MODULES = YES;
				CLANG_ENABLE_OBJC_ARC = YES;
				CLANG_ENABLE_OBJC_WEAK = YES;
				CLANG_WARN_BLOCK_CAPTURE_AUTORELEASING = YES;
				CLANG_WARN_BOOL_CONVERSION = YES;
				CLANG_WARN_COMMA = YES;
				CLANG_WARN_CONSTANT_CONVERSION = YES;
				CLANG_WARN_DEPRECATED_OBJC_IMPLEMENTATIONS = YES;
				CLANG_WARN_DIRECT_OBJC_ISA_USAGE = YES_ERROR;
				CLANG_WARN_DOCUMENTATION_COMMENTS = YES;
				CLANG_WARN_EMPTY_BODY = YES;
				CLANG_WARN_ENUM_CONVERSION = YES;
				CLANG_WARN_INFINITE_RECURSION = YES;
				CLANG_WARN_INT_CONVERSION = YES;
				CLANG_WARN_NON_LITERAL_NULL_CONVERSION = YES;
				CLANG_WARN_OBJC_IMPLICIT_RETAIN_SELF = YES;
				CLANG_WARN_OBJC_LITERAL_CONVERSION = YES;
				CLANG_WARN_OBJC_ROOT_CLASS = YES_ERROR;
				CLANG_WARN_QUOTED_INCLUDE_IN_FRAMEWORK_HEADER = YES;
				CLANG_WARN_RANGE_LOOP_ANALYSIS = YES;
				CLANG_WARN_STRICT_PROTOTYPES = YES;
				CLANG_WARN_SUSPICIOUS_MOVE = YES;
				CLANG_WARN_UNGUARDED_AVAILABILITY = YES_AGGRESSIVE;
				CLANG_WARN_UNREACHABLE_CODE = YES;
				CLANG_WARN__DUPLICATE_METHOD_MATCH = YES;
				COPY_PHASE_STRIP = NO;
				DEBUG_INFORMATION_FORMAT = "dwarf-with-dsym";
				ENABLE_NS_ASSERTIONS = NO;
				ENABLE_STRICT_OBJC_MSGSEND = YES;
				GCC_C_LANGUAGE_STANDARD = gnu11;
				GCC_NO_COMMON_BLOCKS = YES;
				GCC_WARN_64_TO_32_BIT_CONVERSION = YES;
				GCC_WARN_ABOUT_RETURN_TYPE = YES_ERROR;
				GCC_WARN_UNDECLARED_SELECTOR = YES;
				GCC_WARN_UNINITIALIZED_AUTOS = YES_AGGRESSIVE;
				GCC_WARN_UNUSED_FUNCTION = YES;
				GCC_WARN_UNUSED_VARIABLE = YES;
				IPHONEOS_DEPLOYMENT_TARGET = 14.0;
				MTL_ENABLE_DEBUG_INFO = NO;
				MTL_FAST_MATH = YES;
				SDKROOT = iphoneos;
				SWIFT_COMPILATION_MODE = wholemodule;
				SWIFT_OPTIMIZATION_LEVEL = "-O";
				VALIDATE_PRODUCT = YES;
			};
			name = Release;
		};
		74F21B4F2525E7F600CB8B50 /* Debug */ = {
			isa = XCBuildConfiguration;
			baseConfigurationReference = B8CD43BE9D6B65F3278CBDC2 /* Pods-TableView.debug.xcconfig */;
			buildSettings = {
				ASSETCATALOG_COMPILER_APPICON_NAME = AppIcon;
				ASSETCATALOG_COMPILER_GLOBAL_ACCENT_COLOR_NAME = AccentColor;
				CODE_SIGN_STYLE = Automatic;
				DEVELOPMENT_TEAM = 2NJA6A6R83;
				INFOPLIST_FILE = TableView/Info.plist;
				LD_RUNPATH_SEARCH_PATHS = (
					"$(inherited)",
					"@executable_path/Frameworks",
				);
				PRODUCT_BUNDLE_IDENTIFIER = GA.TableView;
				PRODUCT_NAME = "$(TARGET_NAME)";
				SWIFT_VERSION = 5.0;
				TARGETED_DEVICE_FAMILY = "1,2";
			};
			name = Debug;
		};
		74F21B502525E7F600CB8B50 /* Release */ = {
			isa = XCBuildConfiguration;
			baseConfigurationReference = 3BE797A6CA83FB0121E34AB2 /* Pods-TableView.release.xcconfig */;
			buildSettings = {
				ASSETCATALOG_COMPILER_APPICON_NAME = AppIcon;
				ASSETCATALOG_COMPILER_GLOBAL_ACCENT_COLOR_NAME = AccentColor;
				CODE_SIGN_STYLE = Automatic;
				DEVELOPMENT_TEAM = 2NJA6A6R83;
				INFOPLIST_FILE = TableView/Info.plist;
				LD_RUNPATH_SEARCH_PATHS = (
					"$(inherited)",
					"@executable_path/Frameworks",
				);
				PRODUCT_BUNDLE_IDENTIFIER = GA.TableView;
				PRODUCT_NAME = "$(TARGET_NAME)";
				SWIFT_VERSION = 5.0;
				TARGETED_DEVICE_FAMILY = "1,2";
			};
			name = Release;
		};
/* End XCBuildConfiguration section */

/* Begin XCConfigurationList section */
		74F21B352525E7F400CB8B50 /* Build configuration list for PBXProject "TableView" */ = {
			isa = XCConfigurationList;
			buildConfigurations = (
				74F21B4C2525E7F600CB8B50 /* Debug */,
				74F21B4D2525E7F600CB8B50 /* Release */,
			);
			defaultConfigurationIsVisible = 0;
			defaultConfigurationName = Release;
		};
		74F21B4E2525E7F600CB8B50 /* Build configuration list for PBXNativeTarget "TableView" */ = {
			isa = XCConfigurationList;
			buildConfigurations = (
				74F21B4F2525E7F600CB8B50 /* Debug */,
				74F21B502525E7F600CB8B50 /* Release */,
			);
			defaultConfigurationIsVisible = 0;
			defaultConfigurationName = Release;
		};
/* End XCConfigurationList section */
	};
	rootObject = 74F21B322525E7F400CB8B50 /* Project object */;
}
